
Microsoft Visual Studio Solution File, Format Version 12.00
# Visual Studio Version 17
VisualStudioVersion = 17.9.34728.123
MinimumVisualStudioVersion = 10.0.40219.1
Project("{9A19103F-16F7-4668-BE54-9A1E7A4F7556}") = "CADLib_Plugin_Kernel", "src\Kernel\CADLib_Plugin_Kernel.csproj", "{13BB84B6-092A-4644-8E96-CF2897748431}"
EndProject
Project("{9A19103F-16F7-4668-BE54-9A1E7A4F7556}") = "CADLib_Plugin_Loader", "src\Loader\CADLib_Plugin_Loader.csproj", "{4735C03A-748A-4BD8-B36A-D3D10834D9AA}"
EndProject
Project("{9A19103F-16F7-4668-BE54-9A1E7A4F7556}") = "CADLib_Plugin_UI", "src\UI\CADLib_Plugin_UI.csproj", "{C5C8FD38-5241-4389-8409-9CAB204EE1F5}"
EndProject
Global
	GlobalSection(SolutionConfigurationPlatforms) = preSolution
		Debug|x64 = Debug|x64
		Release|x64 = Release|x64
	EndGlobalSection
	GlobalSection(ProjectConfigurationPlatforms) = postSolution
		{13BB84B6-092A-4644-8E96-CF2897748431}.Debug|x64.ActiveCfg = Debug|x64
		{13BB84B6-092A-4644-8E96-CF2897748431}.Debug|x64.Build.0 = Debug|x64
		{13BB84B6-092A-4644-8E96-CF2897748431}.Release|x64.ActiveCfg = Release|x64
		{13BB84B6-092A-4644-8E96-CF2897748431}.Release|x64.Build.0 = Release|x64
		{4735C03A-748A-4BD8-B36A-D3D10834D9AA}.Debug|x64.ActiveCfg = Debug|x64
		{4735C03A-748A-4BD8-B36A-D3D10834D9AA}.Debug|x64.Build.0 = Debug|x64
		{4735C03A-748A-4BD8-B36A-D3D10834D9AA}.Release|x64.ActiveCfg = Release|x64
		{4735C03A-748A-4BD8-B36A-D3D10834D9AA}.Release|x64.Build.0 = Release|x64
		{C5C8FD38-5241-4389-8409-9CAB204EE1F5}.Debug|x64.ActiveCfg = Debug|x64
		{C5C8FD38-5241-4389-8409-9CAB204EE1F5}.Debug|x64.Build.0 = Debug|x64
		{C5C8FD38-5241-4389-8409-9CAB204EE1F5}.Release|x64.ActiveCfg = Release|x64
		{C5C8FD38-5241-4389-8409-9CAB204EE1F5}.Release|x64.Build.0 = Release|x64
	EndGlobalSection
	GlobalSection(SolutionProperties) = preSolution
		HideSolutionNode = FALSE
	EndGlobalSection
	GlobalSection(ExtensibilityGlobals) = postSolution
		SolutionGuid = {FC96C646-4278-40BF-A25F-B80D1498B1BA}
	EndGlobalSection
EndGlobal
